
Microsoft Visual Studio Solution File, Format Version 12.00
# Visual Studio Version 16
VisualStudioVersion = 16.0.30204.135
MinimumVisualStudioVersion = 10.0.40219.1
Project("{FAE04EC0-301F-11D3-BF4B-00C04F79EFBC}") = "1.Count-Same-Values-in-Array", "1.Count-Same-Values-in-Array\1.Count-Same-Values-in-Array.csproj", "{CAA27F1C-4EB1-4ABF-9DBB-AA1273A67320}"
EndProject
Global
	GlobalSection(SolutionConfigurationPlatforms) = preSolution
		Debug|Any CPU = Debug|Any CPU
		Release|Any CPU = Release|Any CPU
	EndGlobalSection
	GlobalSection(ProjectConfigurationPlatforms) = postSolution
		{CAA27F1C-4EB1-4ABF-9DBB-AA1273A67320}.Debug|Any CPU.ActiveCfg = Debug|Any CPU
		{CAA27F1C-4EB1-4ABF-9DBB-AA1273A67320}.Debug|Any CPU.Build.0 = Debug|Any CPU
		{CAA27F1C-4EB1-4ABF-9DBB-AA1273A67320}.Release|Any CPU.ActiveCfg = Release|Any CPU
		{CAA27F1C-4EB1-4ABF-9DBB-AA1273A67320}.Release|Any CPU.Build.0 = Release|Any CPU
	EndGlobalSection
	GlobalSection(SolutionProperties) = preSolution
		HideSolutionNode = FALSE
	EndGlobalSection
	GlobalSection(ExtensibilityGlobals) = postSolution
		SolutionGuid = {E9A7A783-B8F3-4094-BE5E-EDEF85196D15}
	EndGlobalSection
EndGlobal
