
Microsoft Visual Studio Solution File, Format Version 12.00
# Visual Studio Version 16
VisualStudioVersion = 16.0.30204.135
MinimumVisualStudioVersion = 10.0.40219.1
Project("{FAE04EC0-301F-11D3-BF4B-00C04F79EFBC}") = "1.Diagonal-Difference", "1.Diagonal-Difference\1.Diagonal-Difference.csproj", "{7B967C50-63BC-4EDE-B697-AA9791C1968D}"
EndProject
Project("{FAE04EC0-301F-11D3-BF4B-00C04F79EFBC}") = "2.Squares-in-Matrix", "2.Squares-in-Matrix\2.Squares-in-Matrix.csproj", "{974BFAAE-7BA2-4654-A2DD-AE67924356D7}"
EndProject
Global
	GlobalSection(SolutionConfigurationPlatforms) = preSolution
		Debug|Any CPU = Debug|Any CPU
		Release|Any CPU = Release|Any CPU
	EndGlobalSection
	GlobalSection(ProjectConfigurationPlatforms) = postSolution
		{7B967C50-63BC-4EDE-B697-AA9791C1968D}.Debug|Any CPU.ActiveCfg = Debug|Any CPU
		{7B967C50-63BC-4EDE-B697-AA9791C1968D}.Debug|Any CPU.Build.0 = Debug|Any CPU
		{7B967C50-63BC-4EDE-B697-AA9791C1968D}.Release|Any CPU.ActiveCfg = Release|Any CPU
		{7B967C50-63BC-4EDE-B697-AA9791C1968D}.Release|Any CPU.Build.0 = Release|Any CPU
		{974BFAAE-7BA2-4654-A2DD-AE67924356D7}.Debug|Any CPU.ActiveCfg = Debug|Any CPU
		{974BFAAE-7BA2-4654-A2DD-AE67924356D7}.Debug|Any CPU.Build.0 = Debug|Any CPU
		{974BFAAE-7BA2-4654-A2DD-AE67924356D7}.Release|Any CPU.ActiveCfg = Release|Any CPU
		{974BFAAE-7BA2-4654-A2DD-AE67924356D7}.Release|Any CPU.Build.0 = Release|Any CPU
	EndGlobalSection
	GlobalSection(SolutionProperties) = preSolution
		HideSolutionNode = FALSE
	EndGlobalSection
	GlobalSection(ExtensibilityGlobals) = postSolution
		SolutionGuid = {AE53DB82-2C4E-42CC-A919-4B571E318CD9}
	EndGlobalSection
EndGlobal
