
Microsoft Visual Studio Solution File, Format Version 12.00
# Visual Studio Version 16
VisualStudioVersion = 16.0.30204.135
MinimumVisualStudioVersion = 10.0.40219.1
Project("{9A19103F-16F7-4668-BE54-9A1E7A4F7556}") = "1.Diagonal-Difference", "1.Diagonal-Difference\1.Diagonal-Difference.csproj", "{7B967C50-63BC-4EDE-B697-AA9791C1968D}"
EndProject
Project("{9A19103F-16F7-4668-BE54-9A1E7A4F7556}") = "2.Squares-in-Matrix", "2.Squares-in-Matrix\2.Squares-in-Matrix.csproj", "{974BFAAE-7BA2-4654-A2DD-AE67924356D7}"
EndProject
Project("{9A19103F-16F7-4668-BE54-9A1E7A4F7556}") = "3.Maximal-Sum", "3.Maximal-Sum\3.Maximal-Sum.csproj", "{F47E5CA8-4805-4B8E-9AAD-239FACC2B849}"
EndProject
Project("{FAE04EC0-301F-11D3-BF4B-00C04F79EFBC}") = "4.Matrix-Shuffling", "4.Matrix-Shuffling\4.Matrix-Shuffling.csproj", "{3043B4CB-1E67-4BC5-94B9-AA15516A0EF4}"
EndProject
Project("{FAE04EC0-301F-11D3-BF4B-00C04F79EFBC}") = "5.Snake-Moves", "5.Snake-Moves\5.Snake-Moves.csproj", "{65DF2811-7605-4EC8-BFC6-F3DBAD193E06}"
EndProject
Project("{FAE04EC0-301F-11D3-BF4B-00C04F79EFBC}") = "6.Jagged-Array-Manipulator", "6.Jagged-Array-Manipulator\6.Jagged-Array-Manipulator.csproj", "{B128B0FD-861A-4025-BD00-825B0EE1BDDD}"
EndProject
Global
	GlobalSection(SolutionConfigurationPlatforms) = preSolution
		Debug|Any CPU = Debug|Any CPU
		Release|Any CPU = Release|Any CPU
	EndGlobalSection
	GlobalSection(ProjectConfigurationPlatforms) = postSolution
		{7B967C50-63BC-4EDE-B697-AA9791C1968D}.Debug|Any CPU.ActiveCfg = Debug|Any CPU
		{7B967C50-63BC-4EDE-B697-AA9791C1968D}.Debug|Any CPU.Build.0 = Debug|Any CPU
		{7B967C50-63BC-4EDE-B697-AA9791C1968D}.Release|Any CPU.ActiveCfg = Release|Any CPU
		{7B967C50-63BC-4EDE-B697-AA9791C1968D}.Release|Any CPU.Build.0 = Release|Any CPU
		{974BFAAE-7BA2-4654-A2DD-AE67924356D7}.Debug|Any CPU.ActiveCfg = Debug|Any CPU
		{974BFAAE-7BA2-4654-A2DD-AE67924356D7}.Debug|Any CPU.Build.0 = Debug|Any CPU
		{974BFAAE-7BA2-4654-A2DD-AE67924356D7}.Release|Any CPU.ActiveCfg = Release|Any CPU
		{974BFAAE-7BA2-4654-A2DD-AE67924356D7}.Release|Any CPU.Build.0 = Release|Any CPU
		{F47E5CA8-4805-4B8E-9AAD-239FACC2B849}.Debug|Any CPU.ActiveCfg = Debug|Any CPU
		{F47E5CA8-4805-4B8E-9AAD-239FACC2B849}.Debug|Any CPU.Build.0 = Debug|Any CPU
		{F47E5CA8-4805-4B8E-9AAD-239FACC2B849}.Release|Any CPU.ActiveCfg = Release|Any CPU
		{F47E5CA8-4805-4B8E-9AAD-239FACC2B849}.Release|Any CPU.Build.0 = Release|Any CPU
		{3043B4CB-1E67-4BC5-94B9-AA15516A0EF4}.Debug|Any CPU.ActiveCfg = Debug|Any CPU
		{3043B4CB-1E67-4BC5-94B9-AA15516A0EF4}.Debug|Any CPU.Build.0 = Debug|Any CPU
		{3043B4CB-1E67-4BC5-94B9-AA15516A0EF4}.Release|Any CPU.ActiveCfg = Release|Any CPU
		{3043B4CB-1E67-4BC5-94B9-AA15516A0EF4}.Release|Any CPU.Build.0 = Release|Any CPU
		{65DF2811-7605-4EC8-BFC6-F3DBAD193E06}.Debug|Any CPU.ActiveCfg = Debug|Any CPU
		{65DF2811-7605-4EC8-BFC6-F3DBAD193E06}.Debug|Any CPU.Build.0 = Debug|Any CPU
		{65DF2811-7605-4EC8-BFC6-F3DBAD193E06}.Release|Any CPU.ActiveCfg = Release|Any CPU
		{65DF2811-7605-4EC8-BFC6-F3DBAD193E06}.Release|Any CPU.Build.0 = Release|Any CPU
		{B128B0FD-861A-4025-BD00-825B0EE1BDDD}.Debug|Any CPU.ActiveCfg = Debug|Any CPU
		{B128B0FD-861A-4025-BD00-825B0EE1BDDD}.Debug|Any CPU.Build.0 = Debug|Any CPU
		{B128B0FD-861A-4025-BD00-825B0EE1BDDD}.Release|Any CPU.ActiveCfg = Release|Any CPU
		{B128B0FD-861A-4025-BD00-825B0EE1BDDD}.Release|Any CPU.Build.0 = Release|Any CPU
	EndGlobalSection
	GlobalSection(SolutionProperties) = preSolution
		HideSolutionNode = FALSE
	EndGlobalSection
	GlobalSection(ExtensibilityGlobals) = postSolution
		SolutionGuid = {AE53DB82-2C4E-42CC-A919-4B571E318CD9}
	EndGlobalSection
EndGlobal
