
Microsoft Visual Studio Solution File, Format Version 12.00
# Visual Studio Version 16
VisualStudioVersion = 16.0.30204.135
MinimumVisualStudioVersion = 10.0.40219.1
Project("{9A19103F-16F7-4668-BE54-9A1E7A4F7556}") = "Car", "CarManufacturer\Car.csproj", "{87B2F6DA-AAD3-47EA-BAAD-A830EE87963C}"
EndProject
Global
	GlobalSection(SolutionConfigurationPlatforms) = preSolution
		Debug|Any CPU = Debug|Any CPU
		Release|Any CPU = Release|Any CPU
	EndGlobalSection
	GlobalSection(ProjectConfigurationPlatforms) = postSolution
		{87B2F6DA-AAD3-47EA-BAAD-A830EE87963C}.Debug|Any CPU.ActiveCfg = Debug|Any CPU
		{87B2F6DA-AAD3-47EA-BAAD-A830EE87963C}.Debug|Any CPU.Build.0 = Debug|Any CPU
		{87B2F6DA-AAD3-47EA-BAAD-A830EE87963C}.Release|Any CPU.ActiveCfg = Release|Any CPU
		{87B2F6DA-AAD3-47EA-BAAD-A830EE87963C}.Release|Any CPU.Build.0 = Release|Any CPU
	EndGlobalSection
	GlobalSection(SolutionProperties) = preSolution
		HideSolutionNode = FALSE
	EndGlobalSection
	GlobalSection(ExtensibilityGlobals) = postSolution
		SolutionGuid = {FE653B24-6F6F-4C98-A5D9-4950C2B2B740}
	EndGlobalSection
EndGlobal
